
Microsoft Visual Studio Solution File, Format Version 12.00
# Visual Studio Version 17
VisualStudioVersion = 17.2.32630.192
MinimumVisualStudioVersion = 10.0.40219.1
Project("{FAE04EC0-301F-11D3-BF4B-00C04F79EFBC}") = "Threads", "Threads\Threads.csproj", "{98B73737-4AA1-45FB-9728-7C61C83D44CE}"
EndProject
Global
	GlobalSection(SolutionConfigurationPlatforms) = preSolution
		Debug|Any CPU = Debug|Any CPU
		Release|Any CPU = Release|Any CPU
	EndGlobalSection
	GlobalSection(ProjectConfigurationPlatforms) = postSolution
		{98B73737-4AA1-45FB-9728-7C61C83D44CE}.Debug|Any CPU.ActiveCfg = Debug|Any CPU
		{98B73737-4AA1-45FB-9728-7C61C83D44CE}.Debug|Any CPU.Build.0 = Debug|Any CPU
		{98B73737-4AA1-45FB-9728-7C61C83D44CE}.Release|Any CPU.ActiveCfg = Release|Any CPU
		{98B73737-4AA1-45FB-9728-7C61C83D44CE}.Release|Any CPU.Build.0 = Release|Any CPU
	EndGlobalSection
	GlobalSection(SolutionProperties) = preSolution
		HideSolutionNode = FALSE
	EndGlobalSection
	GlobalSection(ExtensibilityGlobals) = postSolution
		SolutionGuid = {C8935DD2-E9A2-4038-890A-AE97FD7BAF19}
	EndGlobalSection
EndGlobal
