
Microsoft Visual Studio Solution File, Format Version 12.00
# Visual Studio Version 17
VisualStudioVersion = 17.2.32630.192
MinimumVisualStudioVersion = 10.0.40219.1
Project("{9A19103F-16F7-4668-BE54-9A1E7A4F7556}") = "Client", "Client\Client.csproj", "{5276993C-0139-44D5-9985-78B882F36082}"
EndProject
Project("{FAE04EC0-301F-11D3-BF4B-00C04F79EFBC}") = "Server", "Server\Server.csproj", "{A717A288-9D93-44D0-A22C-FBCD39833369}"
EndProject
Global
	GlobalSection(SolutionConfigurationPlatforms) = preSolution
		Debug|Any CPU = Debug|Any CPU
		Release|Any CPU = Release|Any CPU
	EndGlobalSection
	GlobalSection(ProjectConfigurationPlatforms) = postSolution
		{5276993C-0139-44D5-9985-78B882F36082}.Debug|Any CPU.ActiveCfg = Debug|Any CPU
		{5276993C-0139-44D5-9985-78B882F36082}.Debug|Any CPU.Build.0 = Debug|Any CPU
		{5276993C-0139-44D5-9985-78B882F36082}.Release|Any CPU.ActiveCfg = Release|Any CPU
		{5276993C-0139-44D5-9985-78B882F36082}.Release|Any CPU.Build.0 = Release|Any CPU
		{A717A288-9D93-44D0-A22C-FBCD39833369}.Debug|Any CPU.ActiveCfg = Debug|Any CPU
		{A717A288-9D93-44D0-A22C-FBCD39833369}.Debug|Any CPU.Build.0 = Debug|Any CPU
		{A717A288-9D93-44D0-A22C-FBCD39833369}.Release|Any CPU.ActiveCfg = Release|Any CPU
		{A717A288-9D93-44D0-A22C-FBCD39833369}.Release|Any CPU.Build.0 = Release|Any CPU
	EndGlobalSection
	GlobalSection(SolutionProperties) = preSolution
		HideSolutionNode = FALSE
	EndGlobalSection
	GlobalSection(ExtensibilityGlobals) = postSolution
		SolutionGuid = {03BB9A3D-3D43-454F-9A46-2E1695C37A3E}
	EndGlobalSection
EndGlobal
